
Microsoft Visual Studio Solution File, Format Version 12.00
# Visual Studio Version 16
VisualStudioVersion = 16.0.30406.217
MinimumVisualStudioVersion = 10.0.40219.1
Project("{FAE04EC0-301F-11D3-BF4B-00C04F79EFBC}") = "CSharpPractice", "CSharpPractice.csproj", "{58E50199-ED1E-413E-A63E-4B6AD509C124}"
EndProject
Global
	GlobalSection(SolutionConfigurationPlatforms) = preSolution
		Debug|Any CPU = Debug|Any CPU
		Release|Any CPU = Release|Any CPU
	EndGlobalSection
	GlobalSection(ProjectConfigurationPlatforms) = postSolution
		{58E50199-ED1E-413E-A63E-4B6AD509C124}.Debug|Any CPU.ActiveCfg = Debug|Any CPU
		{58E50199-ED1E-413E-A63E-4B6AD509C124}.Debug|Any CPU.Build.0 = Debug|Any CPU
		{58E50199-ED1E-413E-A63E-4B6AD509C124}.Release|Any CPU.ActiveCfg = Release|Any CPU
		{58E50199-ED1E-413E-A63E-4B6AD509C124}.Release|Any CPU.Build.0 = Release|Any CPU
	EndGlobalSection
	GlobalSection(SolutionProperties) = preSolution
		HideSolutionNode = FALSE
	EndGlobalSection
	GlobalSection(ExtensibilityGlobals) = postSolution
		SolutionGuid = {B5BF49A1-9D76-4E5D-A228-47A13707822D}
	EndGlobalSection
EndGlobal
